{
    "_readme": [
        "This file locks the dependencies of your project to a known state",
        "Read more about it at https://getcomposer.org/doc/01-basic-usage.md#composer-lock-the-lock-file",
        "This file is @generated automatically"
    ],
    "hash": "9b09ccb9f13f8e0cfe96682de6bc9fc1",
    "content-hash": "dc2a32ee676776e6cee5da12523ad986",
    "packages": [
        {
            "name": "tufanbarisyildirim/php-apk-parser",
            "version": "dev-master",
            "source": {
                "type": "git",
                "url": "https://github.com/tufanbarisyildirim/php-apk-parser.git",
                "reference": "ba5b29c1c9ea60a629604de103976638f5204d22"
            },
            "dist": {
                "type": "zip",
                "url": "https://api.github.com/repos/tufanbarisyildirim/php-apk-parser/zipball/ba5b29c1c9ea60a629604de103976638f5204d22",
                "reference": "ba5b29c1c9ea60a629604de103976638f5204d22",
                "shasum": ""
            },
            "require": {
                "php": ">=5.3.0"
            },
            "require-dev": {
                "phpunit/phpunit": "3.7.*"
            },
            "type": "library",
            "autoload": {
                "psr-0": {
                    "ApkParser": "lib"
                }
            },
            "notification-url": "https://packagist.org/downloads/",
            "license": [
                "MIT"
            ],
            "authors": [
                {
                    "name": "Tufan Baris YILDIRIM",
                    "email": "tufanbarisyildirim@gmail.com",
                    "homepage": "http://tufanbarisyildirim.com",
                    "role": "Developer"
                }
            ],
            "description": "Read basic info about an application from .apk file.",
            "homepage": "https://github.com/tufanbarisyildirim/php-apk-parser",
            "keywords": [
                "android",
                "apk",
                "parser"
            ],
            "time": "2016-01-15 18:08:46"
        }
    ],
    "packages-dev": [],
    "aliases": [],
    "minimum-stability": "stable",
    "stability-flags": {
        "tufanbarisyildirim/php-apk-parser": 20
    },
    "prefer-stable": false,
    "prefer-lowest": false,
    "platform": [],
    "platform-dev": []
}
